
Microsoft Visual Studio Solution File, Format Version 12.00
# Visual Studio Version 17
VisualStudioVersion = 17.7.34221.43
MinimumVisualStudioVersion = 10.0.40219.1
Project("{FAE04EC0-301F-11D3-BF4B-00C04F79EFBC}") = "BookApp", "BookApp\BookApp.csproj", "{679C1B4A-04A7-46E8-ADDC-9E02A25CFDA0}"
EndProject
Global
	GlobalSection(SolutionConfigurationPlatforms) = preSolution
		Debug|Any CPU = Debug|Any CPU
		Release|Any CPU = Release|Any CPU
	EndGlobalSection
	GlobalSection(ProjectConfigurationPlatforms) = postSolution
		{679C1B4A-04A7-46E8-ADDC-9E02A25CFDA0}.Debug|Any CPU.ActiveCfg = Debug|Any CPU
		{679C1B4A-04A7-46E8-ADDC-9E02A25CFDA0}.Debug|Any CPU.Build.0 = Debug|Any CPU
		{679C1B4A-04A7-46E8-ADDC-9E02A25CFDA0}.Release|Any CPU.ActiveCfg = Release|Any CPU
		{679C1B4A-04A7-46E8-ADDC-9E02A25CFDA0}.Release|Any CPU.Build.0 = Release|Any CPU
	EndGlobalSection
	GlobalSection(SolutionProperties) = preSolution
		HideSolutionNode = FALSE
	EndGlobalSection
	GlobalSection(ExtensibilityGlobals) = postSolution
		SolutionGuid = {FE16A14D-A980-4A66-BD04-9CDD4C757DD6}
	EndGlobalSection
EndGlobal
